
Microsoft Visual Studio Solution File, Format Version 12.00
# Visual Studio Version 17
VisualStudioVersion = 17.14.36429.23
MinimumVisualStudioVersion = 10.0.40219.1
Project("{FAE04EC0-301F-11D3-BF4B-00C04F79EFBC}") = "COG", "COG\COG.csproj", "{CD7F7366-9255-46CA-A9B1-6FCC48D24704}"
EndProject
Global
	GlobalSection(SolutionConfigurationPlatforms) = preSolution
		Debug|Android = Debug|Android
		Debug|Windows = Debug|Windows
		Release|Android = Release|Android
		Release|Windows = Release|Windows
	EndGlobalSection
	GlobalSection(ProjectConfigurationPlatforms) = postSolution
		{CD7F7366-9255-46CA-A9B1-6FCC48D24704}.Debug|Windows.ActiveCfg = Debug|Windows
		{CD7F7366-9255-46CA-A9B1-6FCC48D24704}.Debug|Windows.Build.0 = Debug|Windows
		{CD7F7366-9255-46CA-A9B1-6FCC48D24704}.Release|Android.ActiveCfg = Release|Android
		{CD7F7366-9255-46CA-A9B1-6FCC48D24704}.Release|Android.Build.0 = Release|Android
		{CD7F7366-9255-46CA-A9B1-6FCC48D24704}.Release|Windows.ActiveCfg = Release|Windows
		{CD7F7366-9255-46CA-A9B1-6FCC48D24704}.Debug|Android.ActiveCfg = Debug|Windows
		{CD7F7366-9255-46CA-A9B1-6FCC48D24704}.Debug|Android.Build.0 = Debug|Windows
	EndGlobalSection
	GlobalSection(SolutionProperties) = preSolution
		HideSolutionNode = FALSE
	EndGlobalSection
	GlobalSection(ExtensibilityGlobals) = postSolution
		SolutionGuid = {8E945468-C43F-4132-8A71-6E1B9AE5FEDD}
	EndGlobalSection
EndGlobal
